<?xml version="1.0" encoding="utf-8"?>
<Project ToolsVersion="4.0" xmlns="http://schemas.microsoft.com/developer/msbuild/2003">
  <ItemGroup>
    <Filter Include="src">
      <UniqueIdentifier>{ded65b50-82d0-404f-a4eb-c96ae9e00caf}</UniqueIdentifier>
    </Filter>
    <Filter Include="include">
      <UniqueIdentifier>{5a1ef837-0319-4287-8629-63cebb7ae68c}</UniqueIdentifier>
    </Filter>
  </ItemGroup>
  <ItemGroup>
    <ClCompile Include="..\src\4arithmetic.cpp">
      <Filter>src</Filter>
    </ClCompile>
    <ClCompile Include="..\src\stdafx.cpp">
      <Filter>src</Filter>
    </ClCompile>
    <ClCompile Include="..\src\Fraction.cpp">
      <Filter>src</Filter>
    </ClCompile>
    <ClCompile Include="..\src\FourArithmeticProblem.cpp">
      <Filter>src</Filter>
    </ClCompile>
    <ClCompile Include="..\src\Util.cpp">
      <Filter>src</Filter>
    </ClCompile>
    <ClCompile Include="..\src\Expression.cpp">
      <Filter>src</Filter>
    </ClCompile>
    <ClCompile Include="..\src\Combination.cpp">
      <Filter>src</Filter>
    </ClCompile>
  </ItemGroup>
  <ItemGroup>
    <ClInclude Include="..\src\stdafx.h">
      <Filter>src</Filter>
    </ClInclude>
    <ClInclude Include="..\include\FourArithmeticProblem.h">
      <Filter>include</Filter>
    </ClInclude>
    <ClInclude Include="..\include\Fraction.h">
      <Filter>include</Filter>
    </ClInclude>
    <ClInclude Include="..\include\Util.h">
      <Filter>include</Filter>
    </ClInclude>
    <ClInclude Include="..\include\Expression.h">
      <Filter>src</Filter>
    </ClInclude>
    <ClInclude Include="..\src\targetver.h" />
    <ClInclude Include="..\include\Combination.h">
      <Filter>include</Filter>
    </ClInclude>
  </ItemGroup>
</Project>